// !$*UTF8*$!
{
	archiveVersion = 1;
	classes = {
	};
	objectVersion = 77;
	objects = {

/* Begin PBXBuildFile section */
		4039A38C2F65BF7900E33982 /* Transcribe.xcconfig in Resources */ = {isa = PBXBuildFile; fileRef = 4039A38B2F65BF7900E33982 /* Transcribe.xcconfig */; };
		4042913A2E793C6C00DB2587 /* YouTubeKit in Frameworks */ = {isa = PBXBuildFile; productRef = 404291392E793C6C00DB2587 /* YouTubeKit */; };
		4087E8D52E769BAF00C23FC9 /* Accelerate.framework in Frameworks */ = {isa = PBXBuildFile; fileRef = 4087E8D42E769BAF00C23FC9 /* Accelerate.framework */; };
		40DACEB62E75F6ED00E0B532 /* WhisperKit in Frameworks */ = {isa = PBXBuildFile; productRef = 40DACEB52E75F6ED00E0B532 /* WhisperKit */; };
		40DACEB82E75F6ED00E0B532 /* whisperkit-cli in Frameworks */ = {isa = PBXBuildFile; productRef = 40DACEB72E75F6ED00E0B532 /* whisperkit-cli */; };
/* End PBXBuildFile section */

/* Begin PBXContainerItemProxy section */
		40DACE5C2E75861F00E0B532 /* PBXContainerItemProxy */ = {
			isa = PBXContainerItemProxy;
			containerPortal = 40DACE452E75861E00E0B532 /* Project object */;
			proxyType = 1;
			remoteGlobalIDString = 40DACE4C2E75861E00E0B532;
			remoteInfo = Transcribe;
		};
		40DACE662E75861F00E0B532 /* PBXContainerItemProxy */ = {
			isa = PBXContainerItemProxy;
			containerPortal = 40DACE452E75861E00E0B532 /* Project object */;
			proxyType = 1;
			remoteGlobalIDString = 40DACE4C2E75861E00E0B532;
			remoteInfo = Transcribe;
		};
/* End PBXContainerItemProxy section */

/* Begin PBXFileReference section */
		4039A38B2F65BF7900E33982 /* Transcribe.xcconfig */ = {isa = PBXFileReference; lastKnownFileType = text.xcconfig; path = Transcribe.xcconfig; sourceTree = "<group>"; };
		4087E8D42E769BAF00C23FC9 /* Accelerate.framework */ = {isa = PBXFileReference; lastKnownFileType = wrapper.framework; name = Accelerate.framework; path = System/Library/Frameworks/Accelerate.framework; sourceTree = SDKROOT; };
		4087E8D62E769BBC00C23FC9 /* Metal.framework */ = {isa = PBXFileReference; lastKnownFileType = wrapper.framework; name = Metal.framework; path = System/Library/Frameworks/Metal.framework; sourceTree = SDKROOT; };
		4087E8D82E769BC600C23FC9 /* MetalKit.framework */ = {isa = PBXFileReference; lastKnownFileType = wrapper.framework; name = MetalKit.framework; path = System/Library/Frameworks/MetalKit.framework; sourceTree = SDKROOT; };
		4087E8DA2E769BE100C23FC9 /* MetalPerformanceShaders.framework */ = {isa = PBXFileReference; lastKnownFileType = wrapper.framework; name = MetalPerformanceShaders.framework; path = System/Library/Frameworks/MetalPerformanceShaders.framework; sourceTree = SDKROOT; };
		40DACE4D2E75861E00E0B532 /* Transcribe.app */ = {isa = PBXFileReference; explicitFileType = wrapper.application; includeInIndex = 0; path = Transcribe.app; sourceTree = BUILT_PRODUCTS_DIR; };
		40DACE5B2E75861F00E0B532 /* TranscribeTests.xctest */ = {isa = PBXFileReference; explicitFileType = wrapper.cfbundle; includeInIndex = 0; path = TranscribeTests.xctest; sourceTree = BUILT_PRODUCTS_DIR; };
		40DACE652E75861F00E0B532 /* TranscribeUITests.xctest */ = {isa = PBXFileReference; explicitFileType = wrapper.cfbundle; includeInIndex = 0; path = TranscribeUITests.xctest; sourceTree = BUILT_PRODUCTS_DIR; };
/* End PBXFileReference section */

/* Begin PBXFileSystemSynchronizedRootGroup section */
		40DACE4F2E75861E00E0B532 /* Transcribe */ = {
			isa = PBXFileSystemSynchronizedRootGroup;
			path = Transcribe;
			sourceTree = "<group>";
		};
		40DACE5E2E75861F00E0B532 /* TranscribeTests */ = {
			isa = PBXFileSystemSynchronizedRootGroup;
			path = TranscribeTests;
			sourceTree = "<group>";
		};
		40DACE682E75861F00E0B532 /* TranscribeUITests */ = {
			isa = PBXFileSystemSynchronizedRootGroup;
			path = TranscribeUITests;
			sourceTree = "<group>";
		};
/* End PBXFileSystemSynchronizedRootGroup section */

/* Begin PBXFrameworksBuildPhase section */
		40DACE4A2E75861E00E0B532 /* Frameworks */ = {
			isa = PBXFrameworksBuildPhase;
			buildActionMask = 2147483647;
			files = (
				4087E8D52E769BAF00C23FC9 /* Accelerate.framework in Frameworks */,
				40DACEB62E75F6ED00E0B532 /* WhisperKit in Frameworks */,
				40DACEB82E75F6ED00E0B532 /* whisperkit-cli in Frameworks */,
				4042913A2E793C6C00DB2587 /* YouTubeKit in Frameworks */,
			);
			runOnlyForDeploymentPostprocessing = 0;
		};
		40DACE582E75861F00E0B532 /* Frameworks */ = {
			isa = PBXFrameworksBuildPhase;
			buildActionMask = 2147483647;
			files = (
			);
			runOnlyForDeploymentPostprocessing = 0;
		};
		40DACE622E75861F00E0B532 /* Frameworks */ = {
			isa = PBXFrameworksBuildPhase;
			buildActionMask = 2147483647;
			files = (
			);
			runOnlyForDeploymentPostprocessing = 0;
		};
/* End PBXFrameworksBuildPhase section */

/* Begin PBXGroup section */
		40DACE442E75861E00E0B532 = {
			isa = PBXGroup;
			children = (
				40DACE4F2E75861E00E0B532 /* Transcribe */,
				40DACE5E2E75861F00E0B532 /* TranscribeTests */,
				40DACE682E75861F00E0B532 /* TranscribeUITests */,
				40DACEB32E75F6A000E0B532 /* Frameworks */,
				40DACE4E2E75861E00E0B532 /* Products */,
				4039A38B2F65BF7900E33982 /* Transcribe.xcconfig */,
			);
			sourceTree = "<group>";
		};
		40DACE4E2E75861E00E0B532 /* Products */ = {
			isa = PBXGroup;
			children = (
				40DACE4D2E75861E00E0B532 /* Transcribe.app */,
				40DACE5B2E75861F00E0B532 /* TranscribeTests.xctest */,
				40DACE652E75861F00E0B532 /* TranscribeUITests.xctest */,
			);
			name = Products;
			sourceTree = "<group>";
		};
		40DACEB32E75F6A000E0B532 /* Frameworks */ = {
			isa = PBXGroup;
			children = (
				4087E8DA2E769BE100C23FC9 /* MetalPerformanceShaders.framework */,
				4087E8D82E769BC600C23FC9 /* MetalKit.framework */,
				4087E8D62E769BBC00C23FC9 /* Metal.framework */,
				4087E8D42E769BAF00C23FC9 /* Accelerate.framework */,
			);
			name = Frameworks;
			sourceTree = "<group>";
		};
/* End PBXGroup section */

/* Begin PBXNativeTarget section */
		40DACE4C2E75861E00E0B532 /* Transcribe */ = {
			isa = PBXNativeTarget;
			buildConfigurationList = 40DACE6F2E75861F00E0B532 /* Build configuration list for PBXNativeTarget "Transcribe" */;
			buildPhases = (
				40DACE492E75861E00E0B532 /* Sources */,
				40DACE4A2E75861E00E0B532 /* Frameworks */,
				40DACE4B2E75861E00E0B532 /* Resources */,
			);
			buildRules = (
			);
			dependencies = (
			);
			fileSystemSynchronizedGroups = (
				40DACE4F2E75861E00E0B532 /* Transcribe */,
			);
			name = Transcribe;
			packageProductDependencies = (
				40DACEB52E75F6ED00E0B532 /* WhisperKit */,
				40DACEB72E75F6ED00E0B532 /* whisperkit-cli */,
				404291392E793C6C00DB2587 /* YouTubeKit */,
			);
			productName = Transcribe;
			productReference = 40DACE4D2E75861E00E0B532 /* Transcribe.app */;
			productType = "com.apple.product-type.application";
		};
		40DACE5A2E75861F00E0B532 /* TranscribeTests */ = {
			isa = PBXNativeTarget;
			buildConfigurationList = 40DACE722E75861F00E0B532 /* Build configuration list for PBXNativeTarget "TranscribeTests" */;
			buildPhases = (
				40DACE572E75861F00E0B532 /* Sources */,
				40DACE582E75861F00E0B532 /* Frameworks */,
				40DACE592E75861F00E0B532 /* Resources */,
			);
			buildRules = (
			);
			dependencies = (
				40DACE5D2E75861F00E0B532 /* PBXTargetDependency */,
			);
			fileSystemSynchronizedGroups = (
				40DACE5E2E75861F00E0B532 /* TranscribeTests */,
			);
			name = TranscribeTests;
			packageProductDependencies = (
			);
			productName = TranscribeTests;
			productReference = 40DACE5B2E75861F00E0B532 /* TranscribeTests.xctest */;
			productType = "com.apple.product-type.bundle.unit-test";
		};
		40DACE642E75861F00E0B532 /* TranscribeUITests */ = {
			isa = PBXNativeTarget;
			buildConfigurationList = 40DACE752E75861F00E0B532 /* Build configuration list for PBXNativeTarget "TranscribeUITests" */;
			buildPhases = (
				40DACE612E75861F00E0B532 /* Sources */,
				40DACE622E75861F00E0B532 /* Frameworks */,
				40DACE632E75861F00E0B532 /* Resources */,
			);
			buildRules = (
			);
			dependencies = (
				40DACE672E75861F00E0B532 /* PBXTargetDependency */,
			);
			fileSystemSynchronizedGroups = (
				40DACE682E75861F00E0B532 /* TranscribeUITests */,
			);
			name = TranscribeUITests;
			packageProductDependencies = (
			);
			productName = TranscribeUITests;
			productReference = 40DACE652E75861F00E0B532 /* TranscribeUITests.xctest */;
			productType = "com.apple.product-type.bundle.ui-testing";
		};
/* End PBXNativeTarget section */

/* Begin PBXProject section */
		40DACE452E75861E00E0B532 /* Project object */ = {
			isa = PBXProject;
			attributes = {
				BuildIndependentTargetsInParallel = 1;
				LastSwiftUpdateCheck = 1640;
				LastUpgradeCheck = 1640;
				TargetAttributes = {
					40DACE4C2E75861E00E0B532 = {
						CreatedOnToolsVersion = 16.4;
						LastSwiftMigration = 1640;
					};
					40DACE5A2E75861F00E0B532 = {
						CreatedOnToolsVersion = 16.4;
						TestTargetID = 40DACE4C2E75861E00E0B532;
					};
					40DACE642E75861F00E0B532 = {
						CreatedOnToolsVersion = 16.4;
						TestTargetID = 40DACE4C2E75861E00E0B532;
					};
				};
			};
			buildConfigurationList = 40DACE482E75861E00E0B532 /* Build configuration list for PBXProject "Transcribe" */;
			developmentRegion = en;
			hasScannedForEncodings = 0;
			knownRegions = (
				en,
				Base,
				sv,
			);
			mainGroup = 40DACE442E75861E00E0B532;
			minimizedProjectReferenceProxies = 1;
			packageReferences = (
				40DACEB42E75F6ED00E0B532 /* XCRemoteSwiftPackageReference "WhisperKit" */,
				404291382E793C6C00DB2587 /* XCRemoteSwiftPackageReference "YouTubeKit" */,
			);
			preferredProjectObjectVersion = 77;
			productRefGroup = 40DACE4E2E75861E00E0B532 /* Products */;
			projectDirPath = "";
			projectRoot = "";
			targets = (
				40DACE4C2E75861E00E0B532 /* Transcribe */,
				40DACE5A2E75861F00E0B532 /* TranscribeTests */,
				40DACE642E75861F00E0B532 /* TranscribeUITests */,
			);
		};
/* End PBXProject section */

/* Begin PBXResourcesBuildPhase section */
		40DACE4B2E75861E00E0B532 /* Resources */ = {
			isa = PBXResourcesBuildPhase;
			buildActionMask = 2147483647;
			files = (
				4039A38C2F65BF7900E33982 /* Transcribe.xcconfig in Resources */,
			);
			runOnlyForDeploymentPostprocessing = 0;
		};
		40DACE592E75861F00E0B532 /* Resources */ = {
			isa = PBXResourcesBuildPhase;
			buildActionMask = 2147483647;
			files = (
			);
			runOnlyForDeploymentPostprocessing = 0;
		};
		40DACE632E75861F00E0B532 /* Resources */ = {
			isa = PBXResourcesBuildPhase;
			buildActionMask = 2147483647;
			files = (
			);
			runOnlyForDeploymentPostprocessing = 0;
		};
/* End PBXResourcesBuildPhase section */

/* Begin PBXSourcesBuildPhase section */
		40DACE492E75861E00E0B532 /* Sources */ = {
			isa = PBXSourcesBuildPhase;
			buildActionMask = 2147483647;
			files = (
			);
			runOnlyForDeploymentPostprocessing = 0;
		};
		40DACE572E75861F00E0B532 /* Sources */ = {
			isa = PBXSourcesBuildPhase;
			buildActionMask = 2147483647;
			files = (
			);
			runOnlyForDeploymentPostprocessing = 0;
		};
		40DACE612E75861F00E0B532 /* Sources */ = {
			isa = PBXSourcesBuildPhase;
			buildActionMask = 2147483647;
			files = (
			);
			runOnlyForDeploymentPostprocessing = 0;
		};
/* End PBXSourcesBuildPhase section */

/* Begin PBXTargetDependency section */
		40DACE5D2E75861F00E0B532 /* PBXTargetDependency */ = {
			isa = PBXTargetDependency;
			target = 40DACE4C2E75861E00E0B532 /* Transcribe */;
			targetProxy = 40DACE5C2E75861F00E0B532 /* PBXContainerItemProxy */;
		};
		40DACE672E75861F00E0B532 /* PBXTargetDependency */ = {
			isa = PBXTargetDependency;
			target = 40DACE4C2E75861E00E0B532 /* Transcribe */;
			targetProxy = 40DACE662E75861F00E0B532 /* PBXContainerItemProxy */;
		};
/* End PBXTargetDependency section */

/* Begin XCBuildConfiguration section */
		40DACE6D2E75861F00E0B532 /* Debug */ = {
			isa = XCBuildConfiguration;
			baseConfigurationReference = 4039A38B2F65BF7900E33982 /* Transcribe.xcconfig */;
			buildSettings = {
				ALWAYS_SEARCH_USER_PATHS = NO;
				ASSETCATALOG_COMPILER_GENERATE_SWIFT_ASSET_SYMBOL_EXTENSIONS = YES;
				CLANG_ANALYZER_NONNULL = YES;
				CLANG_ANALYZER_NUMBER_OBJECT_CONVERSION = YES_AGGRESSIVE;
				CLANG_CXX_LANGUAGE_STANDARD = "gnu++20";
				CLANG_ENABLE_MODULES = YES;
				CLANG_ENABLE_OBJC_ARC = YES;
				CLANG_ENABLE_OBJC_WEAK = YES;
				CLANG_WARN_BLOCK_CAPTURE_AUTORELEASING = YES;
				CLANG_WARN_BOOL_CONVERSION = YES;
				CLANG_WARN_COMMA = YES;
				CLANG_WARN_CONSTANT_CONVERSION = YES;
				CLANG_WARN_DEPRECATED_OBJC_IMPLEMENTATIONS = YES;
				CLANG_WARN_DIRECT_OBJC_ISA_USAGE = YES_ERROR;
				CLANG_WARN_DOCUMENTATION_COMMENTS = YES;
				CLANG_WARN_EMPTY_BODY = YES;
				CLANG_WARN_ENUM_CONVERSION = YES;
				CLANG_WARN_INFINITE_RECURSION = YES;
				CLANG_WARN_INT_CONVERSION = YES;
				CLANG_WARN_NON_LITERAL_NULL_CONVERSION = YES;
				CLANG_WARN_OBJC_IMPLICIT_RETAIN_SELF = YES;
				CLANG_WARN_OBJC_LITERAL_CONVERSION = YES;
				CLANG_WARN_OBJC_ROOT_CLASS = YES_ERROR;
				CLANG_WARN_QUOTED_INCLUDE_IN_FRAMEWORK_HEADER = YES;
				CLANG_WARN_RANGE_LOOP_ANALYSIS = YES;
				CLANG_WARN_STRICT_PROTOTYPES = YES;
				CLANG_WARN_SUSPICIOUS_MOVE = YES;
				CLANG_WARN_UNGUARDED_AVAILABILITY = YES_AGGRESSIVE;
				CLANG_WARN_UNREACHABLE_CODE = YES;
				CLANG_WARN__DUPLICATE_METHOD_MATCH = YES;
				COPY_PHASE_STRIP = NO;
				DEBUG_INFORMATION_FORMAT = dwarf;
				DEVELOPMENT_TEAM = RW3JS6CR99;
				ENABLE_CODE_COVERAGE = NO;
				ENABLE_STRICT_OBJC_MSGSEND = YES;
				ENABLE_TESTABILITY = YES;
				ENABLE_USER_SCRIPT_SANDBOXING = YES;
				GCC_C_LANGUAGE_STANDARD = gnu17;
				GCC_DYNAMIC_NO_PIC = NO;
				GCC_NO_COMMON_BLOCKS = YES;
				GCC_OPTIMIZATION_LEVEL = 0;
				GCC_PREPROCESSOR_DEFINITIONS = (
					"GGML_VERSION=1",
					"GGML_COMMIT=\\\"unknown\\\"",
					"GGML_USE_ACCELERATE=1",
					"WHISPER_VERSION=\\\"1.0.0\\\"",
				);
				GCC_WARN_64_TO_32_BIT_CONVERSION = YES;
				GCC_WARN_ABOUT_RETURN_TYPE = YES_ERROR;
				GCC_WARN_UNDECLARED_SELECTOR = YES;
				GCC_WARN_UNINITIALIZED_AUTOS = YES_AGGRESSIVE;
				GCC_WARN_UNUSED_FUNCTION = YES;
				GCC_WARN_UNUSED_VARIABLE = YES;
				LOCALIZATION_PREFERS_STRING_CATALOGS = YES;
				MACOSX_DEPLOYMENT_TARGET = 15.5;
				MTL_COMPILER_FLAGS = "-I$(SRCROOT)/Libraries/whisper.cpp/ggml/src";
				MTL_ENABLE_DEBUG_INFO = INCLUDE_SOURCE;
				MTL_FAST_MATH = YES;
				ONLY_ACTIVE_ARCH = YES;
				OTHER_CFLAGS = (
					"-DGGML_VERSION=1",
					"-DGGML_USE_ACCELERATE\"",
				);
				OTHER_LDFLAGS = "";
				SDKROOT = macosx;
				SWIFT_ACTIVE_COMPILATION_CONDITIONS = "DEBUG $(inherited)";
				SWIFT_OBJC_BRIDGING_HEADER = " Transcribe/WhisperCpp-Bridging-Header.h";
				SWIFT_OPTIMIZATION_LEVEL = "-Onone";
			};
			name = Debug;
		};
		40DACE6E2E75861F00E0B532 /* Release */ = {
			isa = XCBuildConfiguration;
			baseConfigurationReference = 4039A38B2F65BF7900E33982 /* Transcribe.xcconfig */;
			buildSettings = {
				ALWAYS_SEARCH_USER_PATHS = NO;
				ASSETCATALOG_COMPILER_GENERATE_SWIFT_ASSET_SYMBOL_EXTENSIONS = YES;
				CLANG_ANALYZER_NONNULL = YES;
				CLANG_ANALYZER_NUMBER_OBJECT_CONVERSION = YES_AGGRESSIVE;
				CLANG_CXX_LANGUAGE_STANDARD = "gnu++20";
				CLANG_ENABLE_MODULES = YES;
				CLANG_ENABLE_OBJC_ARC = YES;
				CLANG_ENABLE_OBJC_WEAK = YES;
				CLANG_WARN_BLOCK_CAPTURE_AUTORELEASING = YES;
				CLANG_WARN_BOOL_CONVERSION = YES;
				CLANG_WARN_COMMA = YES;
				CLANG_WARN_CONSTANT_CONVERSION = YES;
				CLANG_WARN_DEPRECATED_OBJC_IMPLEMENTATIONS = YES;
				CLANG_WARN_DIRECT_OBJC_ISA_USAGE = YES_ERROR;
				CLANG_WARN_DOCUMENTATION_COMMENTS = YES;
				CLANG_WARN_EMPTY_BODY = YES;
				CLANG_WARN_ENUM_CONVERSION = YES;
				CLANG_WARN_INFINITE_RECURSION = YES;
				CLANG_WARN_INT_CONVERSION = YES;
				CLANG_WARN_NON_LITERAL_NULL_CONVERSION = YES;
				CLANG_WARN_OBJC_IMPLICIT_RETAIN_SELF = YES;
				CLANG_WARN_OBJC_LITERAL_CONVERSION = YES;
				CLANG_WARN_OBJC_ROOT_CLASS = YES_ERROR;
				CLANG_WARN_QUOTED_INCLUDE_IN_FRAMEWORK_HEADER = YES;
				CLANG_WARN_RANGE_LOOP_ANALYSIS = YES;
				CLANG_WARN_STRICT_PROTOTYPES = YES;
				CLANG_WARN_SUSPICIOUS_MOVE = YES;
				CLANG_WARN_UNGUARDED_AVAILABILITY = YES_AGGRESSIVE;
				CLANG_WARN_UNREACHABLE_CODE = YES;
				CLANG_WARN__DUPLICATE_METHOD_MATCH = YES;
				COPY_PHASE_STRIP = NO;
				DEBUG_INFORMATION_FORMAT = "dwarf-with-dsym";
				DEVELOPMENT_TEAM = RW3JS6CR99;
				ENABLE_CODE_COVERAGE = NO;
				ENABLE_NS_ASSERTIONS = NO;
				ENABLE_STRICT_OBJC_MSGSEND = YES;
				ENABLE_USER_SCRIPT_SANDBOXING = YES;
				GCC_C_LANGUAGE_STANDARD = gnu17;
				GCC_NO_COMMON_BLOCKS = YES;
				GCC_PREPROCESSOR_DEFINITIONS = (
					"GGML_VERSION=1",
					"GGML_COMMIT=\\\"unknown\\\"",
					"GGML_USE_ACCELERATE=1",
					"WHISPER_VERSION=\\\"1.0.0\\\"",
				);
				GCC_WARN_64_TO_32_BIT_CONVERSION = YES;
				GCC_WARN_ABOUT_RETURN_TYPE = YES_ERROR;
				GCC_WARN_UNDECLARED_SELECTOR = YES;
				GCC_WARN_UNINITIALIZED_AUTOS = YES_AGGRESSIVE;
				GCC_WARN_UNUSED_FUNCTION = YES;
				GCC_WARN_UNUSED_VARIABLE = YES;
				LOCALIZATION_PREFERS_STRING_CATALOGS = YES;
				MACOSX_DEPLOYMENT_TARGET = 15.5;
				MTL_COMPILER_FLAGS = "-I$(SRCROOT)/Libraries/whisper.cpp/ggml/src";
				MTL_ENABLE_DEBUG_INFO = NO;
				MTL_FAST_MATH = YES;
				OTHER_CFLAGS = (
					"-DGGML_VERSION=1",
					"-DGGML_USE_ACCELERATE\"",
				);
				OTHER_LDFLAGS = "";
				SDKROOT = macosx;
				SWIFT_COMPILATION_MODE = wholemodule;
				SWIFT_OBJC_BRIDGING_HEADER = " Transcribe/WhisperCpp-Bridging-Header.h";
			};
			name = Release;
		};
		40DACE702E75861F00E0B532 /* Debug */ = {
			isa = XCBuildConfiguration;
			baseConfigurationReference = 4039A38B2F65BF7900E33982 /* Transcribe.xcconfig */;
			buildSettings = {
				ASSETCATALOG_COMPILER_APPICON_NAME = AppIcon;
				ASSETCATALOG_COMPILER_GLOBAL_ACCENT_COLOR_NAME = AccentColor;
				ASSETCATALOG_COMPILER_INCLUDE_ALL_APPICON_ASSETS = YES;
				CLANG_ENABLE_MODULES = YES;
				CODE_SIGN_ENTITLEMENTS = Transcribe/Transcribe.entitlements;
				"CODE_SIGN_IDENTITY[sdk=macosx*]" = "Apple Development";
				CODE_SIGN_STYLE = Automatic;
				COMBINE_HIDPI_IMAGES = YES;
				CURRENT_PROJECT_VERSION = 1;
				DEVELOPMENT_TEAM = RW3JS6CR99;
				ENABLE_CODE_COVERAGE = NO;
				ENABLE_HARDENED_RUNTIME = YES;
				ENABLE_PREVIEWS = YES;
				GENERATE_INFOPLIST_FILE = YES;
				HEADER_SEARCH_PATHS = "";
				INFOPLIST_KEY_LSApplicationCategoryType = "public.app-category.productivity";
				INFOPLIST_KEY_NSHumanReadableCopyright = "";
				INFOPLIST_KEY_NSMicrophoneUsageDescription = "Transcribe behöver tillgång till din mikrofon för att spela in ljud för transkribering.";
				LD_RUNPATH_SEARCH_PATHS = (
					"$(inherited)",
					"@executable_path/../Frameworks",
				);
				MACOSX_DEPLOYMENT_TARGET = 26.0;
				MARKETING_VERSION = 2.1;
				OTHER_CFLAGS = "";
				OTHER_CPLUSPLUSFLAGS = "";
				PRODUCT_BUNDLE_IDENTIFIER = com.mickekring.transcribe.Transcribe;
				PRODUCT_NAME = "$(TARGET_NAME)";
				REGISTER_APP_GROUPS = YES;
				SWIFT_EMIT_LOC_STRINGS = YES;
				SWIFT_OBJC_BRIDGING_HEADER = "";
				SWIFT_OPTIMIZATION_LEVEL = "-Onone";
				SWIFT_VERSION = 5.0;
			};
			name = Debug;
		};
		40DACE712E75861F00E0B532 /* Release */ = {
			isa = XCBuildConfiguration;
			baseConfigurationReference = 4039A38B2F65BF7900E33982 /* Transcribe.xcconfig */;
			buildSettings = {
				ASSETCATALOG_COMPILER_APPICON_NAME = AppIcon;
				ASSETCATALOG_COMPILER_GLOBAL_ACCENT_COLOR_NAME = AccentColor;
				ASSETCATALOG_COMPILER_INCLUDE_ALL_APPICON_ASSETS = YES;
				CLANG_ENABLE_MODULES = YES;
				CODE_SIGN_ENTITLEMENTS = Transcribe/Transcribe.entitlements;
				"CODE_SIGN_IDENTITY[sdk=macosx*]" = "Apple Development";
				CODE_SIGN_STYLE = Automatic;
				COMBINE_HIDPI_IMAGES = YES;
				CURRENT_PROJECT_VERSION = 1;
				DEVELOPMENT_TEAM = RW3JS6CR99;
				ENABLE_CODE_COVERAGE = NO;
				ENABLE_HARDENED_RUNTIME = YES;
				ENABLE_PREVIEWS = YES;
				GENERATE_INFOPLIST_FILE = YES;
				HEADER_SEARCH_PATHS = "";
				INFOPLIST_KEY_LSApplicationCategoryType = "public.app-category.productivity";
				INFOPLIST_KEY_NSHumanReadableCopyright = "";
				INFOPLIST_KEY_NSMicrophoneUsageDescription = "Transcribe behöver tillgång till din mikrofon för att spela in ljud för transkribering.";
				LD_RUNPATH_SEARCH_PATHS = (
					"$(inherited)",
					"@executable_path/../Frameworks",
				);
				MACOSX_DEPLOYMENT_TARGET = 26.0;
				MARKETING_VERSION = 2.1;
				OTHER_CFLAGS = "";
				OTHER_CPLUSPLUSFLAGS = "";
				PRODUCT_BUNDLE_IDENTIFIER = com.mickekring.transcribe.Transcribe;
				PRODUCT_NAME = "$(TARGET_NAME)";
				REGISTER_APP_GROUPS = YES;
				SWIFT_EMIT_LOC_STRINGS = YES;
				SWIFT_OBJC_BRIDGING_HEADER = "";
				SWIFT_VERSION = 5.0;
			};
			name = Release;
		};
		40DACE732E75861F00E0B532 /* Debug */ = {
			isa = XCBuildConfiguration;
			buildSettings = {
				BUNDLE_LOADER = "$(TEST_HOST)";
				CODE_SIGN_STYLE = Automatic;
				CURRENT_PROJECT_VERSION = 1;
				DEVELOPMENT_TEAM = RW3JS6CR99;
				GENERATE_INFOPLIST_FILE = YES;
				MACOSX_DEPLOYMENT_TARGET = 15.5;
				MARKETING_VERSION = 1.0;
				PRODUCT_BUNDLE_IDENTIFIER = com.mickekring.transcribe.TranscribeTests;
				PRODUCT_NAME = "$(TARGET_NAME)";
				SWIFT_EMIT_LOC_STRINGS = NO;
				SWIFT_VERSION = 5.0;
				TEST_HOST = "$(BUILT_PRODUCTS_DIR)/Transcribe.app/$(BUNDLE_EXECUTABLE_FOLDER_PATH)/Transcribe";
			};
			name = Debug;
		};
		40DACE742E75861F00E0B532 /* Release */ = {
			isa = XCBuildConfiguration;
			buildSettings = {
				BUNDLE_LOADER = "$(TEST_HOST)";
				CODE_SIGN_STYLE = Automatic;
				CURRENT_PROJECT_VERSION = 1;
				DEVELOPMENT_TEAM = RW3JS6CR99;
				GENERATE_INFOPLIST_FILE = YES;
				MACOSX_DEPLOYMENT_TARGET = 15.5;
				MARKETING_VERSION = 1.0;
				PRODUCT_BUNDLE_IDENTIFIER = com.mickekring.transcribe.TranscribeTests;
				PRODUCT_NAME = "$(TARGET_NAME)";
				SWIFT_EMIT_LOC_STRINGS = NO;
				SWIFT_VERSION = 5.0;
				TEST_HOST = "$(BUILT_PRODUCTS_DIR)/Transcribe.app/$(BUNDLE_EXECUTABLE_FOLDER_PATH)/Transcribe";
			};
			name = Release;
		};
		40DACE762E75861F00E0B532 /* Debug */ = {
			isa = XCBuildConfiguration;
			buildSettings = {
				CODE_SIGN_STYLE = Automatic;
				CURRENT_PROJECT_VERSION = 1;
				DEVELOPMENT_TEAM = RW3JS6CR99;
				GENERATE_INFOPLIST_FILE = YES;
				MARKETING_VERSION = 1.0;
				PRODUCT_BUNDLE_IDENTIFIER = com.mickekring.transcribe.TranscribeUITests;
				PRODUCT_NAME = "$(TARGET_NAME)";
				SWIFT_EMIT_LOC_STRINGS = NO;
				SWIFT_VERSION = 5.0;
				TEST_TARGET_NAME = Transcribe;
			};
			name = Debug;
		};
		40DACE772E75861F00E0B532 /* Release */ = {
			isa = XCBuildConfiguration;
			buildSettings = {
				CODE_SIGN_STYLE = Automatic;
				CURRENT_PROJECT_VERSION = 1;
				DEVELOPMENT_TEAM = RW3JS6CR99;
				GENERATE_INFOPLIST_FILE = YES;
				MARKETING_VERSION = 1.0;
				PRODUCT_BUNDLE_IDENTIFIER = com.mickekring.transcribe.TranscribeUITests;
				PRODUCT_NAME = "$(TARGET_NAME)";
				SWIFT_EMIT_LOC_STRINGS = NO;
				SWIFT_VERSION = 5.0;
				TEST_TARGET_NAME = Transcribe;
			};
			name = Release;
		};
/* End XCBuildConfiguration section */

/* Begin XCConfigurationList section */
		40DACE482E75861E00E0B532 /* Build configuration list for PBXProject "Transcribe" */ = {
			isa = XCConfigurationList;
			buildConfigurations = (
				40DACE6D2E75861F00E0B532 /* Debug */,
				40DACE6E2E75861F00E0B532 /* Release */,
			);
			defaultConfigurationIsVisible = 0;
			defaultConfigurationName = Release;
		};
		40DACE6F2E75861F00E0B532 /* Build configuration list for PBXNativeTarget "Transcribe" */ = {
			isa = XCConfigurationList;
			buildConfigurations = (
				40DACE702E75861F00E0B532 /* Debug */,
				40DACE712E75861F00E0B532 /* Release */,
			);
			defaultConfigurationIsVisible = 0;
			defaultConfigurationName = Release;
		};
		40DACE722E75861F00E0B532 /* Build configuration list for PBXNativeTarget "TranscribeTests" */ = {
			isa = XCConfigurationList;
			buildConfigurations = (
				40DACE732E75861F00E0B532 /* Debug */,
				40DACE742E75861F00E0B532 /* Release */,
			);
			defaultConfigurationIsVisible = 0;
			defaultConfigurationName = Release;
		};
		40DACE752E75861F00E0B532 /* Build configuration list for PBXNativeTarget "TranscribeUITests" */ = {
			isa = XCConfigurationList;
			buildConfigurations = (
				40DACE762E75861F00E0B532 /* Debug */,
				40DACE772E75861F00E0B532 /* Release */,
			);
			defaultConfigurationIsVisible = 0;
			defaultConfigurationName = Release;
		};
/* End XCConfigurationList section */

/* Begin XCRemoteSwiftPackageReference section */
		404291382E793C6C00DB2587 /* XCRemoteSwiftPackageReference "YouTubeKit" */ = {
			isa = XCRemoteSwiftPackageReference;
			repositoryURL = "https://github.com/alexeichhorn/YouTubeKit";
			requirement = {
				kind = upToNextMajorVersion;
				minimumVersion = 0.2.9;
			};
		};
		40DACEB42E75F6ED00E0B532 /* XCRemoteSwiftPackageReference "WhisperKit" */ = {
			isa = XCRemoteSwiftPackageReference;
			repositoryURL = "https://github.com/argmaxinc/WhisperKit.git";
			requirement = {
				branch = main;
				kind = branch;
			};
		};
/* End XCRemoteSwiftPackageReference section */

/* Begin XCSwiftPackageProductDependency section */
		404291392E793C6C00DB2587 /* YouTubeKit */ = {
			isa = XCSwiftPackageProductDependency;
			package = 404291382E793C6C00DB2587 /* XCRemoteSwiftPackageReference "YouTubeKit" */;
			productName = YouTubeKit;
		};
		40DACEB52E75F6ED00E0B532 /* WhisperKit */ = {
			isa = XCSwiftPackageProductDependency;
			package = 40DACEB42E75F6ED00E0B532 /* XCRemoteSwiftPackageReference "WhisperKit" */;
			productName = WhisperKit;
		};
		40DACEB72E75F6ED00E0B532 /* whisperkit-cli */ = {
			isa = XCSwiftPackageProductDependency;
			package = 40DACEB42E75F6ED00E0B532 /* XCRemoteSwiftPackageReference "WhisperKit" */;
			productName = "whisperkit-cli";
		};
/* End XCSwiftPackageProductDependency section */
	};
	rootObject = 40DACE452E75861E00E0B532 /* Project object */;
}
